// !$*UTF8*$!
{
	archiveVersion = 1;
	classes = {
	};
	objectVersion = 51;
	objects = {

/* Begin PBXBuildFile section */
		1F4A853F8DB9A64B842D988F /* Pods_carsApp.framework in Frameworks */ = {isa = PBXBuildFile; fileRef = 3B797615E1EF1815E1CE1E99 /* Pods_carsApp.framework */; };
		F8CEDDBC2405ADC80091258F /* AppDelegate.swift in Sources */ = {isa = PBXBuildFile; fileRef = F8CEDDBB2405ADC80091258F /* AppDelegate.swift */; };
		F8CEDDC32405ADCA0091258F /* Assets.xcassets in Resources */ = {isa = PBXBuildFile; fileRef = F8CEDDC22405ADCA0091258F /* Assets.xcassets */; };
		F8CEDDC62405ADCA0091258F /* LaunchScreen.storyboard in Resources */ = {isa = PBXBuildFile; fileRef = F8CEDDC42405ADCA0091258F /* LaunchScreen.storyboard */; };
		F8CEDDCE2405B0240091258F /* MainViewController.swift in Sources */ = {isa = PBXBuildFile; fileRef = F8CEDDCD2405B0240091258F /* MainViewController.swift */; };
		F8CEDDD02405B0540091258F /* NewCarViewController.swift in Sources */ = {isa = PBXBuildFile; fileRef = F8CEDDCF2405B0540091258F /* NewCarViewController.swift */; };
		F8CEDDD22405B08E0091258F /* CarsModel.swift in Sources */ = {isa = PBXBuildFile; fileRef = F8CEDDD12405B08E0091258F /* CarsModel.swift */; };
		F8CEDDD62405B0C60091258F /* StorageManager.swift in Sources */ = {isa = PBXBuildFile; fileRef = F8CEDDD52405B0C60091258F /* StorageManager.swift */; };
		F8CEDDD82405B10A0091258F /* TableViewCell.swift in Sources */ = {isa = PBXBuildFile; fileRef = F8CEDDD72405B10A0091258F /* TableViewCell.swift */; };
		F8CEDDDB2405BF560091258F /* Main.storyboard in Resources */ = {isa = PBXBuildFile; fileRef = F8CEDDD92405BF560091258F /* Main.storyboard */; };
/* End PBXBuildFile section */

/* Begin PBXFileReference section */
		3B797615E1EF1815E1CE1E99 /* Pods_carsApp.framework */ = {isa = PBXFileReference; explicitFileType = wrapper.framework; includeInIndex = 0; path = Pods_carsApp.framework; sourceTree = BUILT_PRODUCTS_DIR; };
		8F220C0B46B8D5F8895B4AFE /* Pods-carsApp.debug.xcconfig */ = {isa = PBXFileReference; includeInIndex = 1; lastKnownFileType = text.xcconfig; name = "Pods-carsApp.debug.xcconfig"; path = "Target Support Files/Pods-carsApp/Pods-carsApp.debug.xcconfig"; sourceTree = "<group>"; };
		DCD9E145F6D4958F1FD17469 /* Pods-carsApp.release.xcconfig */ = {isa = PBXFileReference; includeInIndex = 1; lastKnownFileType = text.xcconfig; name = "Pods-carsApp.release.xcconfig"; path = "Target Support Files/Pods-carsApp/Pods-carsApp.release.xcconfig"; sourceTree = "<group>"; };
		F8CEDDB82405ADC80091258F /* carsApp.app */ = {isa = PBXFileReference; explicitFileType = wrapper.application; includeInIndex = 0; path = carsApp.app; sourceTree = BUILT_PRODUCTS_DIR; };
		F8CEDDBB2405ADC80091258F /* AppDelegate.swift */ = {isa = PBXFileReference; lastKnownFileType = sourcecode.swift; path = AppDelegate.swift; sourceTree = "<group>"; };
		F8CEDDC22405ADCA0091258F /* Assets.xcassets */ = {isa = PBXFileReference; lastKnownFileType = folder.assetcatalog; path = Assets.xcassets; sourceTree = "<group>"; };
		F8CEDDC52405ADCA0091258F /* Base */ = {isa = PBXFileReference; lastKnownFileType = file.storyboard; name = Base; path = Base.lproj/LaunchScreen.storyboard; sourceTree = "<group>"; };
		F8CEDDC72405ADCA0091258F /* Info.plist */ = {isa = PBXFileReference; lastKnownFileType = text.plist.xml; path = Info.plist; sourceTree = "<group>"; };
		F8CEDDCD2405B0240091258F /* MainViewController.swift */ = {isa = PBXFileReference; lastKnownFileType = sourcecode.swift; path = MainViewController.swift; sourceTree = "<group>"; };
		F8CEDDCF2405B0540091258F /* NewCarViewController.swift */ = {isa = PBXFileReference; lastKnownFileType = sourcecode.swift; path = NewCarViewController.swift; sourceTree = "<group>"; };
		F8CEDDD12405B08E0091258F /* CarsModel.swift */ = {isa = PBXFileReference; lastKnownFileType = sourcecode.swift; path = CarsModel.swift; sourceTree = "<group>"; };
		F8CEDDD52405B0C60091258F /* StorageManager.swift */ = {isa = PBXFileReference; lastKnownFileType = sourcecode.swift; path = StorageManager.swift; sourceTree = "<group>"; };
		F8CEDDD72405B10A0091258F /* TableViewCell.swift */ = {isa = PBXFileReference; lastKnownFileType = sourcecode.swift; path = TableViewCell.swift; sourceTree = "<group>"; };
		F8CEDDDA2405BF560091258F /* Base */ = {isa = PBXFileReference; lastKnownFileType = file.storyboard; name = Base; path = "../../../../Desktop/Swift Book/05. Приложение на основе UITableView (Swift 5)/17. Refactor Code to Use DB/MyPlaces/MyPlaces/Base.lproj/Main.storyboard"; sourceTree = "<group>"; };
/* End PBXFileReference section */

/* Begin PBXFrameworksBuildPhase section */
		F8CEDDB52405ADC80091258F /* Frameworks */ = {
			isa = PBXFrameworksBuildPhase;
			buildActionMask = 2147483647;
			files = (
				1F4A853F8DB9A64B842D988F /* Pods_carsApp.framework in Frameworks */,
			);
			runOnlyForDeploymentPostprocessing = 0;
		};
/* End PBXFrameworksBuildPhase section */

/* Begin PBXGroup section */
		0394B9911DA807DA35D81FB0 /* Pods */ = {
			isa = PBXGroup;
			children = (
				8F220C0B46B8D5F8895B4AFE /* Pods-carsApp.debug.xcconfig */,
				DCD9E145F6D4958F1FD17469 /* Pods-carsApp.release.xcconfig */,
			);
			path = Pods;
			sourceTree = "<group>";
		};
		D9A4F0EDE55D90D2F9236C01 /* Frameworks */ = {
			isa = PBXGroup;
			children = (
				3B797615E1EF1815E1CE1E99 /* Pods_carsApp.framework */,
			);
			name = Frameworks;
			sourceTree = "<group>";
		};
		F8CEDDAF2405ADC80091258F = {
			isa = PBXGroup;
			children = (
				F8CEDDBA2405ADC80091258F /* carsApp */,
				F8CEDDB92405ADC80091258F /* Products */,
				0394B9911DA807DA35D81FB0 /* Pods */,
				D9A4F0EDE55D90D2F9236C01 /* Frameworks */,
			);
			sourceTree = "<group>";
		};
		F8CEDDB92405ADC80091258F /* Products */ = {
			isa = PBXGroup;
			children = (
				F8CEDDB82405ADC80091258F /* carsApp.app */,
			);
			name = Products;
			sourceTree = "<group>";
		};
		F8CEDDBA2405ADC80091258F /* carsApp */ = {
			isa = PBXGroup;
			children = (
				F8CEDDBB2405ADC80091258F /* AppDelegate.swift */,
				F8CEDDCD2405B0240091258F /* MainViewController.swift */,
				F8CEDDCF2405B0540091258F /* NewCarViewController.swift */,
				F8CEDDD52405B0C60091258F /* StorageManager.swift */,
				F8CEDDD12405B08E0091258F /* CarsModel.swift */,
				F8CEDDD72405B10A0091258F /* TableViewCell.swift */,
				F8CEDDD92405BF560091258F /* Main.storyboard */,
				F8CEDDC22405ADCA0091258F /* Assets.xcassets */,
				F8CEDDC42405ADCA0091258F /* LaunchScreen.storyboard */,
				F8CEDDC72405ADCA0091258F /* Info.plist */,
			);
			path = carsApp;
			sourceTree = "<group>";
		};
/* End PBXGroup section */

/* Begin PBXNativeTarget section */
		F8CEDDB72405ADC80091258F /* carsApp */ = {
			isa = PBXNativeTarget;
			buildConfigurationList = F8CEDDCA2405ADCA0091258F /* Build configuration list for PBXNativeTarget "carsApp" */;
			buildPhases = (
				5AADAE150791A5F76E29B20B /* [CP] Check Pods Manifest.lock */,
				F8CEDDB42405ADC80091258F /* Sources */,
				F8CEDDB52405ADC80091258F /* Frameworks */,
				F8CEDDB62405ADC80091258F /* Resources */,
				07E207BECB12D94A6C3E3F73 /* [CP] Embed Pods Frameworks */,
			);
			buildRules = (
			);
			dependencies = (
			);
			name = carsApp;
			productName = carsApp;
			productReference = F8CEDDB82405ADC80091258F /* carsApp.app */;
			productType = "com.apple.product-type.application";
		};
/* End PBXNativeTarget section */

/* Begin PBXProject section */
		F8CEDDB02405ADC80091258F /* Project object */ = {
			isa = PBXProject;
			attributes = {
				LastSwiftUpdateCheck = 1010;
				LastUpgradeCheck = 1010;
				ORGANIZATIONNAME = "Slava Kuzmitsky";
				TargetAttributes = {
					F8CEDDB72405ADC80091258F = {
						CreatedOnToolsVersion = 10.1;
					};
				};
			};
			buildConfigurationList = F8CEDDB32405ADC80091258F /* Build configuration list for PBXProject "carsApp" */;
			compatibilityVersion = "Xcode 9.3";
			developmentRegion = en;
			hasScannedForEncodings = 0;
			knownRegions = (
				en,
				Base,
			);
			mainGroup = F8CEDDAF2405ADC80091258F;
			productRefGroup = F8CEDDB92405ADC80091258F /* Products */;
			projectDirPath = "";
			projectRoot = "";
			targets = (
				F8CEDDB72405ADC80091258F /* carsApp */,
			);
		};
/* End PBXProject section */

/* Begin PBXResourcesBuildPhase section */
		F8CEDDB62405ADC80091258F /* Resources */ = {
			isa = PBXResourcesBuildPhase;
			buildActionMask = 2147483647;
			files = (
				F8CEDDDB2405BF560091258F /* Main.storyboard in Resources */,
				F8CEDDC62405ADCA0091258F /* LaunchScreen.storyboard in Resources */,
				F8CEDDC32405ADCA0091258F /* Assets.xcassets in Resources */,
			);
			runOnlyForDeploymentPostprocessing = 0;
		};
/* End PBXResourcesBuildPhase section */

/* Begin PBXShellScriptBuildPhase section */
		07E207BECB12D94A6C3E3F73 /* [CP] Embed Pods Frameworks */ = {
			isa = PBXShellScriptBuildPhase;
			buildActionMask = 2147483647;
			files = (
			);
			inputFileListPaths = (
				"${PODS_ROOT}/Target Support Files/Pods-carsApp/Pods-carsApp-frameworks-${CONFIGURATION}-input-files.xcfilelist",
			);
			name = "[CP] Embed Pods Frameworks";
			outputFileListPaths = (
				"${PODS_ROOT}/Target Support Files/Pods-carsApp/Pods-carsApp-frameworks-${CONFIGURATION}-output-files.xcfilelist",
			);
			runOnlyForDeploymentPostprocessing = 0;
			shellPath = /bin/sh;
			shellScript = "\"${PODS_ROOT}/Target Support Files/Pods-carsApp/Pods-carsApp-frameworks.sh\"\n";
			showEnvVarsInLog = 0;
		};
		5AADAE150791A5F76E29B20B /* [CP] Check Pods Manifest.lock */ = {
			isa = PBXShellScriptBuildPhase;
			buildActionMask = 2147483647;
			files = (
			);
			inputFileListPaths = (
			);
			inputPaths = (
				"${PODS_PODFILE_DIR_PATH}/Podfile.lock",
				"${PODS_ROOT}/Manifest.lock",
			);
			name = "[CP] Check Pods Manifest.lock";
			outputFileListPaths = (
			);
			outputPaths = (
				"$(DERIVED_FILE_DIR)/Pods-carsApp-checkManifestLockResult.txt",
			);
			runOnlyForDeploymentPostprocessing = 0;
			shellPath = /bin/sh;
			shellScript = "diff \"${PODS_PODFILE_DIR_PATH}/Podfile.lock\" \"${PODS_ROOT}/Manifest.lock\" > /dev/null\nif [ $? != 0 ] ; then\n    # print error to STDERR\n    echo \"error: The sandbox is not in sync with the Podfile.lock. Run 'pod install' or update your CocoaPods installation.\" >&2\n    exit 1\nfi\n# This output is used by Xcode 'outputs' to avoid re-running this script phase.\necho \"SUCCESS\" > \"${SCRIPT_OUTPUT_FILE_0}\"\n";
			showEnvVarsInLog = 0;
		};
/* End PBXShellScriptBuildPhase section */

/* Begin PBXSourcesBuildPhase section */
		F8CEDDB42405ADC80091258F /* Sources */ = {
			isa = PBXSourcesBuildPhase;
			buildActionMask = 2147483647;
			files = (
				F8CEDDD22405B08E0091258F /* CarsModel.swift in Sources */,
				F8CEDDD02405B0540091258F /* NewCarViewController.swift in Sources */,
				F8CEDDD62405B0C60091258F /* StorageManager.swift in Sources */,
				F8CEDDD82405B10A0091258F /* TableViewCell.swift in Sources */,
				F8CEDDBC2405ADC80091258F /* AppDelegate.swift in Sources */,
				F8CEDDCE2405B0240091258F /* MainViewController.swift in Sources */,
			);
			runOnlyForDeploymentPostprocessing = 0;
		};
/* End PBXSourcesBuildPhase section */

/* Begin PBXVariantGroup section */
		F8CEDDC42405ADCA0091258F /* LaunchScreen.storyboard */ = {
			isa = PBXVariantGroup;
			children = (
				F8CEDDC52405ADCA0091258F /* Base */,
			);
			name = LaunchScreen.storyboard;
			sourceTree = "<group>";
		};
		F8CEDDD92405BF560091258F /* Main.storyboard */ = {
			isa = PBXVariantGroup;
			children = (
				F8CEDDDA2405BF560091258F /* Base */,
			);
			name = Main.storyboard;
			sourceTree = "<group>";
		};
/* End PBXVariantGroup section */

/* Begin XCBuildConfiguration section */
		F8CEDDC82405ADCA0091258F /* Debug */ = {
			isa = XCBuildConfiguration;
			buildSettings = {
				ALWAYS_SEARCH_USER_PATHS = NO;
				CLANG_ANALYZER_NONNULL = YES;
				CLANG_ANALYZER_NUMBER_OBJECT_CONVERSION = YES_AGGRESSIVE;
				CLANG_CXX_LANGUAGE_STANDARD = "gnu++14";
				CLANG_CXX_LIBRARY = "libc++";
				CLANG_ENABLE_MODULES = YES;
				CLANG_ENABLE_OBJC_ARC = YES;
				CLANG_ENABLE_OBJC_WEAK = YES;
				CLANG_WARN_BLOCK_CAPTURE_AUTORELEASING = YES;
				CLANG_WARN_BOOL_CONVERSION = YES;
				CLANG_WARN_COMMA = YES;
				CLANG_WARN_CONSTANT_CONVERSION = YES;
				CLANG_WARN_DEPRECATED_OBJC_IMPLEMENTATIONS = YES;
				CLANG_WARN_DIRECT_OBJC_ISA_USAGE = YES_ERROR;
				CLANG_WARN_DOCUMENTATION_COMMENTS = YES;
				CLANG_WARN_EMPTY_BODY = YES;
				CLANG_WARN_ENUM_CONVERSION = YES;
				CLANG_WARN_INFINITE_RECURSION = YES;
				CLANG_WARN_INT_CONVERSION = YES;
				CLANG_WARN_NON_LITERAL_NULL_CONVERSION = YES;
				CLANG_WARN_OBJC_IMPLICIT_RETAIN_SELF = YES;
				CLANG_WARN_OBJC_LITERAL_CONVERSION = YES;
				CLANG_WARN_OBJC_ROOT_CLASS = YES_ERROR;
				CLANG_WARN_RANGE_LOOP_ANALYSIS = YES;
				CLANG_WARN_STRICT_PROTOTYPES = YES;
				CLANG_WARN_SUSPICIOUS_MOVE = YES;
				CLANG_WARN_UNGUARDED_AVAILABILITY = YES_AGGRESSIVE;
				CLANG_WARN_UNREACHABLE_CODE = YES;
				CLANG_WARN__DUPLICATE_METHOD_MATCH = YES;
				CODE_SIGN_IDENTITY = "iPhone Developer";
				COPY_PHASE_STRIP = NO;
				DEBUG_INFORMATION_FORMAT = dwarf;
				ENABLE_STRICT_OBJC_MSGSEND = YES;
				ENABLE_TESTABILITY = YES;
				GCC_C_LANGUAGE_STANDARD = gnu11;
				GCC_DYNAMIC_NO_PIC = NO;
				GCC_NO_COMMON_BLOCKS = YES;
				GCC_OPTIMIZATION_LEVEL = 0;
				GCC_PREPROCESSOR_DEFINITIONS = (
					"DEBUG=1",
					"$(inherited)",
				);
				GCC_WARN_64_TO_32_BIT_CONVERSION = YES;
				GCC_WARN_ABOUT_RETURN_TYPE = YES_ERROR;
				GCC_WARN_UNDECLARED_SELECTOR = YES;
				GCC_WARN_UNINITIALIZED_AUTOS = YES_AGGRESSIVE;
				GCC_WARN_UNUSED_FUNCTION = YES;
				GCC_WARN_UNUSED_VARIABLE = YES;
				IPHONEOS_DEPLOYMENT_TARGET = 12.1;
				MTL_ENABLE_DEBUG_INFO = INCLUDE_SOURCE;
				MTL_FAST_MATH = YES;
				ONLY_ACTIVE_ARCH = YES;
				SDKROOT = iphoneos;
				SWIFT_ACTIVE_COMPILATION_CONDITIONS = DEBUG;
				SWIFT_OPTIMIZATION_LEVEL = "-Onone";
			};
			name = Debug;
		};
		F8CEDDC92405ADCA0091258F /* Release */ = {
			isa = XCBuildConfiguration;
			buildSettings = {
				ALWAYS_SEARCH_USER_PATHS = NO;
				CLANG_ANALYZER_NONNULL = YES;
				CLANG_ANALYZER_NUMBER_OBJECT_CONVERSION = YES_AGGRESSIVE;
				CLANG_CXX_LANGUAGE_STANDARD = "gnu++14";
				CLANG_CXX_LIBRARY = "libc++";
				CLANG_ENABLE_MODULES = YES;
				CLANG_ENABLE_OBJC_ARC = YES;
				CLANG_ENABLE_OBJC_WEAK = YES;
				CLANG_WARN_BLOCK_CAPTURE_AUTORELEASING = YES;
				CLANG_WARN_BOOL_CONVERSION = YES;
				CLANG_WARN_COMMA = YES;
				CLANG_WARN_CONSTANT_CONVERSION = YES;
				CLANG_WARN_DEPRECATED_OBJC_IMPLEMENTATIONS = YES;
				CLANG_WARN_DIRECT_OBJC_ISA_USAGE = YES_ERROR;
				CLANG_WARN_DOCUMENTATION_COMMENTS = YES;
				CLANG_WARN_EMPTY_BODY = YES;
				CLANG_WARN_ENUM_CONVERSION = YES;
				CLANG_WARN_INFINITE_RECURSION = YES;
				CLANG_WARN_INT_CONVERSION = YES;
				CLANG_WARN_NON_LITERAL_NULL_CONVERSION = YES;
				CLANG_WARN_OBJC_IMPLICIT_RETAIN_SELF = YES;
				CLANG_WARN_OBJC_LITERAL_CONVERSION = YES;
				CLANG_WARN_OBJC_ROOT_CLASS = YES_ERROR;
				CLANG_WARN_RANGE_LOOP_ANALYSIS = YES;
				CLANG_WARN_STRICT_PROTOTYPES = YES;
				CLANG_WARN_SUSPICIOUS_MOVE = YES;
				CLANG_WARN_UNGUARDED_AVAILABILITY = YES_AGGRESSIVE;
				CLANG_WARN_UNREACHABLE_CODE = YES;
				CLANG_WARN__DUPLICATE_METHOD_MATCH = YES;
				CODE_SIGN_IDENTITY = "iPhone Developer";
				COPY_PHASE_STRIP = NO;
				DEBUG_INFORMATION_FORMAT = "dwarf-with-dsym";
				ENABLE_NS_ASSERTIONS = NO;
				ENABLE_STRICT_OBJC_MSGSEND = YES;
				GCC_C_LANGUAGE_STANDARD = gnu11;
				GCC_NO_COMMON_BLOCKS = YES;
				GCC_WARN_64_TO_32_BIT_CONVERSION = YES;
				GCC_WARN_ABOUT_RETURN_TYPE = YES_ERROR;
				GCC_WARN_UNDECLARED_SELECTOR = YES;
				GCC_WARN_UNINITIALIZED_AUTOS = YES_AGGRESSIVE;
				GCC_WARN_UNUSED_FUNCTION = YES;
				GCC_WARN_UNUSED_VARIABLE = YES;
				IPHONEOS_DEPLOYMENT_TARGET = 12.1;
				MTL_ENABLE_DEBUG_INFO = NO;
				MTL_FAST_MATH = YES;
				SDKROOT = iphoneos;
				SWIFT_COMPILATION_MODE = wholemodule;
				SWIFT_OPTIMIZATION_LEVEL = "-O";
				VALIDATE_PRODUCT = YES;
			};
			name = Release;
		};
		F8CEDDCB2405ADCA0091258F /* Debug */ = {
			isa = XCBuildConfiguration;
			baseConfigurationReference = 8F220C0B46B8D5F8895B4AFE /* Pods-carsApp.debug.xcconfig */;
			buildSettings = {
				ASSETCATALOG_COMPILER_APPICON_NAME = AppIcon;
				ASSETCATALOG_COMPILER_LAUNCHIMAGE_NAME = LaunchImage;
				CODE_SIGN_STYLE = Automatic;
				DEVELOPMENT_TEAM = 22FS43YD3C;
				INFOPLIST_FILE = carsApp/Info.plist;
				LD_RUNPATH_SEARCH_PATHS = (
					"$(inherited)",
					"@executable_path/Frameworks",
				);
				PRODUCT_BUNDLE_IDENTIFIER = by.vironit.carsApp;
				PRODUCT_NAME = "$(TARGET_NAME)";
				SWIFT_VERSION = 4.2;
				TARGETED_DEVICE_FAMILY = "1,2";
			};
			name = Debug;
		};
		F8CEDDCC2405ADCA0091258F /* Release */ = {
			isa = XCBuildConfiguration;
			baseConfigurationReference = DCD9E145F6D4958F1FD17469 /* Pods-carsApp.release.xcconfig */;
			buildSettings = {
				ASSETCATALOG_COMPILER_APPICON_NAME = AppIcon;
				ASSETCATALOG_COMPILER_LAUNCHIMAGE_NAME = LaunchImage;
				CODE_SIGN_STYLE = Automatic;
				DEVELOPMENT_TEAM = 22FS43YD3C;
				INFOPLIST_FILE = carsApp/Info.plist;
				LD_RUNPATH_SEARCH_PATHS = (
					"$(inherited)",
					"@executable_path/Frameworks",
				);
				PRODUCT_BUNDLE_IDENTIFIER = by.vironit.carsApp;
				PRODUCT_NAME = "$(TARGET_NAME)";
				SWIFT_VERSION = 4.2;
				TARGETED_DEVICE_FAMILY = "1,2";
			};
			name = Release;
		};
/* End XCBuildConfiguration section */

/* Begin XCConfigurationList section */
		F8CEDDB32405ADC80091258F /* Build configuration list for PBXProject "carsApp" */ = {
			isa = XCConfigurationList;
			buildConfigurations = (
				F8CEDDC82405ADCA0091258F /* Debug */,
				F8CEDDC92405ADCA0091258F /* Release */,
			);
			defaultConfigurationIsVisible = 0;
			defaultConfigurationName = Release;
		};
		F8CEDDCA2405ADCA0091258F /* Build configuration list for PBXNativeTarget "carsApp" */ = {
			isa = XCConfigurationList;
			buildConfigurations = (
				F8CEDDCB2405ADCA0091258F /* Debug */,
				F8CEDDCC2405ADCA0091258F /* Release */,
			);
			defaultConfigurationIsVisible = 0;
			defaultConfigurationName = Release;
		};
/* End XCConfigurationList section */
	};
	rootObject = F8CEDDB02405ADC80091258F /* Project object */;
}
